// !$*UTF8*$!
{
	archiveVersion = 1;
	classes = {
	};
	objectVersion = 46;
	objects = {

/* Begin PBXBuildFile section */
		C5E77F4E1F78AB1900FC3CDF /* main.m in Sources */ = {isa = PBXBuildFile; fileRef = C5E77F4D1F78AB1900FC3CDF /* main.m */; };
		C5E77F511F78AB1900FC3CDF /* AppDelegate.m in Sources */ = {isa = PBXBuildFile; fileRef = C5E77F501F78AB1900FC3CDF /* AppDelegate.m */; };
		C5E77F541F78AB1900FC3CDF /* ViewController.m in Sources */ = {isa = PBXBuildFile; fileRef = C5E77F531F78AB1900FC3CDF /* ViewController.m */; };
		C5E77F571F78AB1900FC3CDF /* Main.storyboard in Resources */ = {isa = PBXBuildFile; fileRef = C5E77F551F78AB1900FC3CDF /* Main.storyboard */; };
		C5E77F591F78AB1900FC3CDF /* Assets.xcassets in Resources */ = {isa = PBXBuildFile; fileRef = C5E77F581F78AB1900FC3CDF /* Assets.xcassets */; };
		C5E77F5C1F78AB1900FC3CDF /* LaunchScreen.storyboard in Resources */ = {isa = PBXBuildFile; fileRef = C5E77F5A1F78AB1900FC3CDF /* LaunchScreen.storyboard */; };
		C5E77F671F78AB1900FC3CDF /* WZZExcptionDemoTests.m in Sources */ = {isa = PBXBuildFile; fileRef = C5E77F661F78AB1900FC3CDF /* WZZExcptionDemoTests.m */; };
		C5E77F721F78AB1900FC3CDF /* WZZExcptionDemoUITests.m in Sources */ = {isa = PBXBuildFile; fileRef = C5E77F711F78AB1900FC3CDF /* WZZExcptionDemoUITests.m */; };
		C5E77F841F78AECA00FC3CDF /* WZZExceptionManager.m in Sources */ = {isa = PBXBuildFile; fileRef = C5E77F831F78AECA00FC3CDF /* WZZExceptionManager.m */; };
/* End PBXBuildFile section */

/* Begin PBXContainerItemProxy section */
		C5E77F631F78AB1900FC3CDF /* PBXContainerItemProxy */ = {
			isa = PBXContainerItemProxy;
			containerPortal = C5E77F411F78AB1900FC3CDF /* Project object */;
			proxyType = 1;
			remoteGlobalIDString = C5E77F481F78AB1900FC3CDF;
			remoteInfo = WZZExcptionDemo;
		};
		C5E77F6E1F78AB1900FC3CDF /* PBXContainerItemProxy */ = {
			isa = PBXContainerItemProxy;
			containerPortal = C5E77F411F78AB1900FC3CDF /* Project object */;
			proxyType = 1;
			remoteGlobalIDString = C5E77F481F78AB1900FC3CDF;
			remoteInfo = WZZExcptionDemo;
		};
/* End PBXContainerItemProxy section */

/* Begin PBXFileReference section */
		C5E77F491F78AB1900FC3CDF /* WZZExcptionDemo.app */ = {isa = PBXFileReference; explicitFileType = wrapper.application; includeInIndex = 0; path = WZZExcptionDemo.app; sourceTree = BUILT_PRODUCTS_DIR; };
		C5E77F4D1F78AB1900FC3CDF /* main.m */ = {isa = PBXFileReference; lastKnownFileType = sourcecode.c.objc; path = main.m; sourceTree = "<group>"; };
		C5E77F4F1F78AB1900FC3CDF /* AppDelegate.h */ = {isa = PBXFileReference; lastKnownFileType = sourcecode.c.h; path = AppDelegate.h; sourceTree = "<group>"; };
		C5E77F501F78AB1900FC3CDF /* AppDelegate.m */ = {isa = PBXFileReference; lastKnownFileType = sourcecode.c.objc; path = AppDelegate.m; sourceTree = "<group>"; };
		C5E77F521F78AB1900FC3CDF /* ViewController.h */ = {isa = PBXFileReference; lastKnownFileType = sourcecode.c.h; path = ViewController.h; sourceTree = "<group>"; };
		C5E77F531F78AB1900FC3CDF /* ViewController.m */ = {isa = PBXFileReference; lastKnownFileType = sourcecode.c.objc; path = ViewController.m; sourceTree = "<group>"; };
		C5E77F561F78AB1900FC3CDF /* Base */ = {isa = PBXFileReference; lastKnownFileType = file.storyboard; name = Base; path = Base.lproj/Main.storyboard; sourceTree = "<group>"; };
		C5E77F581F78AB1900FC3CDF /* Assets.xcassets */ = {isa = PBXFileReference; lastKnownFileType = folder.assetcatalog; path = Assets.xcassets; sourceTree = "<group>"; };
		C5E77F5B1F78AB1900FC3CDF /* Base */ = {isa = PBXFileReference; lastKnownFileType = file.storyboard; name = Base; path = Base.lproj/LaunchScreen.storyboard; sourceTree = "<group>"; };
		C5E77F5D1F78AB1900FC3CDF /* Info.plist */ = {isa = PBXFileReference; lastKnownFileType = text.plist.xml; path = Info.plist; sourceTree = "<group>"; };
		C5E77F621F78AB1900FC3CDF /* WZZExcptionDemoTests.xctest */ = {isa = PBXFileReference; explicitFileType = wrapper.cfbundle; includeInIndex = 0; path = WZZExcptionDemoTests.xctest; sourceTree = BUILT_PRODUCTS_DIR; };
		C5E77F661F78AB1900FC3CDF /* WZZExcptionDemoTests.m */ = {isa = PBXFileReference; lastKnownFileType = sourcecode.c.objc; path = WZZExcptionDemoTests.m; sourceTree = "<group>"; };
		C5E77F681F78AB1900FC3CDF /* Info.plist */ = {isa = PBXFileReference; lastKnownFileType = text.plist.xml; path = Info.plist; sourceTree = "<group>"; };
		C5E77F6D1F78AB1900FC3CDF /* WZZExcptionDemoUITests.xctest */ = {isa = PBXFileReference; explicitFileType = wrapper.cfbundle; includeInIndex = 0; path = WZZExcptionDemoUITests.xctest; sourceTree = BUILT_PRODUCTS_DIR; };
		C5E77F711F78AB1900FC3CDF /* WZZExcptionDemoUITests.m */ = {isa = PBXFileReference; lastKnownFileType = sourcecode.c.objc; path = WZZExcptionDemoUITests.m; sourceTree = "<group>"; };
		C5E77F731F78AB1900FC3CDF /* Info.plist */ = {isa = PBXFileReference; lastKnownFileType = text.plist.xml; path = Info.plist; sourceTree = "<group>"; };
		C5E77F821F78AECA00FC3CDF /* WZZExceptionManager.h */ = {isa = PBXFileReference; fileEncoding = 4; lastKnownFileType = sourcecode.c.h; path = WZZExceptionManager.h; sourceTree = "<group>"; };
		C5E77F831F78AECA00FC3CDF /* WZZExceptionManager.m */ = {isa = PBXFileReference; fileEncoding = 4; lastKnownFileType = sourcecode.c.objc; path = WZZExceptionManager.m; sourceTree = "<group>"; };
		C5E77FB71F78D6D400FC3CDF /* libsqlite3.tbd */ = {isa = PBXFileReference; lastKnownFileType = "sourcecode.text-based-dylib-definition"; name = libsqlite3.tbd; path = usr/lib/libsqlite3.tbd; sourceTree = SDKROOT; };
/* End PBXFileReference section */

/* Begin PBXFrameworksBuildPhase section */
		C5E77F461F78AB1900FC3CDF /* Frameworks */ = {
			isa = PBXFrameworksBuildPhase;
			buildActionMask = 2147483647;
			files = (
			);
			runOnlyForDeploymentPostprocessing = 0;
		};
		C5E77F5F1F78AB1900FC3CDF /* Frameworks */ = {
			isa = PBXFrameworksBuildPhase;
			buildActionMask = 2147483647;
			files = (
			);
			runOnlyForDeploymentPostprocessing = 0;
		};
		C5E77F6A1F78AB1900FC3CDF /* Frameworks */ = {
			isa = PBXFrameworksBuildPhase;
			buildActionMask = 2147483647;
			files = (
			);
			runOnlyForDeploymentPostprocessing = 0;
		};
/* End PBXFrameworksBuildPhase section */

/* Begin PBXGroup section */
		C5E77F401F78AB1900FC3CDF = {
			isa = PBXGroup;
			children = (
				C5E77F4B1F78AB1900FC3CDF /* WZZExcptionDemo */,
				C5E77F651F78AB1900FC3CDF /* WZZExcptionDemoTests */,
				C5E77F701F78AB1900FC3CDF /* WZZExcptionDemoUITests */,
				C5E77F4A1F78AB1900FC3CDF /* Products */,
				C5E77FB61F78D6D400FC3CDF /* Frameworks */,
			);
			sourceTree = "<group>";
		};
		C5E77F4A1F78AB1900FC3CDF /* Products */ = {
			isa = PBXGroup;
			children = (
				C5E77F491F78AB1900FC3CDF /* WZZExcptionDemo.app */,
				C5E77F621F78AB1900FC3CDF /* WZZExcptionDemoTests.xctest */,
				C5E77F6D1F78AB1900FC3CDF /* WZZExcptionDemoUITests.xctest */,
			);
			name = Products;
			sourceTree = "<group>";
		};
		C5E77F4B1F78AB1900FC3CDF /* WZZExcptionDemo */ = {
			isa = PBXGroup;
			children = (
				C5E77F821F78AECA00FC3CDF /* WZZExceptionManager.h */,
				C5E77F831F78AECA00FC3CDF /* WZZExceptionManager.m */,
				C5E77F4F1F78AB1900FC3CDF /* AppDelegate.h */,
				C5E77F501F78AB1900FC3CDF /* AppDelegate.m */,
				C5E77F521F78AB1900FC3CDF /* ViewController.h */,
				C5E77F531F78AB1900FC3CDF /* ViewController.m */,
				C5E77F551F78AB1900FC3CDF /* Main.storyboard */,
				C5E77F581F78AB1900FC3CDF /* Assets.xcassets */,
				C5E77F5A1F78AB1900FC3CDF /* LaunchScreen.storyboard */,
				C5E77F5D1F78AB1900FC3CDF /* Info.plist */,
				C5E77F4C1F78AB1900FC3CDF /* Supporting Files */,
			);
			path = WZZExcptionDemo;
			sourceTree = "<group>";
		};
		C5E77F4C1F78AB1900FC3CDF /* Supporting Files */ = {
			isa = PBXGroup;
			children = (
				C5E77F4D1F78AB1900FC3CDF /* main.m */,
			);
			name = "Supporting Files";
			sourceTree = "<group>";
		};
		C5E77F651F78AB1900FC3CDF /* WZZExcptionDemoTests */ = {
			isa = PBXGroup;
			children = (
				C5E77F661F78AB1900FC3CDF /* WZZExcptionDemoTests.m */,
				C5E77F681F78AB1900FC3CDF /* Info.plist */,
			);
			path = WZZExcptionDemoTests;
			sourceTree = "<group>";
		};
		C5E77F701F78AB1900FC3CDF /* WZZExcptionDemoUITests */ = {
			isa = PBXGroup;
			children = (
				C5E77F711F78AB1900FC3CDF /* WZZExcptionDemoUITests.m */,
				C5E77F731F78AB1900FC3CDF /* Info.plist */,
			);
			path = WZZExcptionDemoUITests;
			sourceTree = "<group>";
		};
		C5E77FB61F78D6D400FC3CDF /* Frameworks */ = {
			isa = PBXGroup;
			children = (
				C5E77FB71F78D6D400FC3CDF /* libsqlite3.tbd */,
			);
			name = Frameworks;
			sourceTree = "<group>";
		};
/* End PBXGroup section */

/* Begin PBXNativeTarget section */
		C5E77F481F78AB1900FC3CDF /* WZZExcptionDemo */ = {
			isa = PBXNativeTarget;
			buildConfigurationList = C5E77F761F78AB1900FC3CDF /* Build configuration list for PBXNativeTarget "WZZExcptionDemo" */;
			buildPhases = (
				C5E77F451F78AB1900FC3CDF /* Sources */,
				C5E77F461F78AB1900FC3CDF /* Frameworks */,
				C5E77F471F78AB1900FC3CDF /* Resources */,
			);
			buildRules = (
			);
			dependencies = (
			);
			name = WZZExcptionDemo;
			productName = WZZExcptionDemo;
			productReference = C5E77F491F78AB1900FC3CDF /* WZZExcptionDemo.app */;
			productType = "com.apple.product-type.application";
		};
		C5E77F611F78AB1900FC3CDF /* WZZExcptionDemoTests */ = {
			isa = PBXNativeTarget;
			buildConfigurationList = C5E77F791F78AB1900FC3CDF /* Build configuration list for PBXNativeTarget "WZZExcptionDemoTests" */;
			buildPhases = (
				C5E77F5E1F78AB1900FC3CDF /* Sources */,
				C5E77F5F1F78AB1900FC3CDF /* Frameworks */,
				C5E77F601F78AB1900FC3CDF /* Resources */,
			);
			buildRules = (
			);
			dependencies = (
				C5E77F641F78AB1900FC3CDF /* PBXTargetDependency */,
			);
			name = WZZExcptionDemoTests;
			productName = WZZExcptionDemoTests;
			productReference = C5E77F621F78AB1900FC3CDF /* WZZExcptionDemoTests.xctest */;
			productType = "com.apple.product-type.bundle.unit-test";
		};
		C5E77F6C1F78AB1900FC3CDF /* WZZExcptionDemoUITests */ = {
			isa = PBXNativeTarget;
			buildConfigurationList = C5E77F7C1F78AB1900FC3CDF /* Build configuration list for PBXNativeTarget "WZZExcptionDemoUITests" */;
			buildPhases = (
				C5E77F691F78AB1900FC3CDF /* Sources */,
				C5E77F6A1F78AB1900FC3CDF /* Frameworks */,
				C5E77F6B1F78AB1900FC3CDF /* Resources */,
			);
			buildRules = (
			);
			dependencies = (
				C5E77F6F1F78AB1900FC3CDF /* PBXTargetDependency */,
			);
			name = WZZExcptionDemoUITests;
			productName = WZZExcptionDemoUITests;
			productReference = C5E77F6D1F78AB1900FC3CDF /* WZZExcptionDemoUITests.xctest */;
			productType = "com.apple.product-type.bundle.ui-testing";
		};
/* End PBXNativeTarget section */

/* Begin PBXProject section */
		C5E77F411F78AB1900FC3CDF /* Project object */ = {
			isa = PBXProject;
			attributes = {
				LastUpgradeCheck = 0830;
				ORGANIZATIONNAME = "王泽众";
				TargetAttributes = {
					C5E77F481F78AB1900FC3CDF = {
						CreatedOnToolsVersion = 8.3.2;
						ProvisioningStyle = Automatic;
					};
					C5E77F611F78AB1900FC3CDF = {
						CreatedOnToolsVersion = 8.3.2;
						ProvisioningStyle = Automatic;
						TestTargetID = C5E77F481F78AB1900FC3CDF;
					};
					C5E77F6C1F78AB1900FC3CDF = {
						CreatedOnToolsVersion = 8.3.2;
						ProvisioningStyle = Automatic;
						TestTargetID = C5E77F481F78AB1900FC3CDF;
					};
				};
			};
			buildConfigurationList = C5E77F441F78AB1900FC3CDF /* Build configuration list for PBXProject "WZZExcptionDemo" */;
			compatibilityVersion = "Xcode 3.2";
			developmentRegion = English;
			hasScannedForEncodings = 0;
			knownRegions = (
				en,
				Base,
			);
			mainGroup = C5E77F401F78AB1900FC3CDF;
			productRefGroup = C5E77F4A1F78AB1900FC3CDF /* Products */;
			projectDirPath = "";
			projectRoot = "";
			targets = (
				C5E77F481F78AB1900FC3CDF /* WZZExcptionDemo */,
				C5E77F611F78AB1900FC3CDF /* WZZExcptionDemoTests */,
				C5E77F6C1F78AB1900FC3CDF /* WZZExcptionDemoUITests */,
			);
		};
/* End PBXProject section */

/* Begin PBXResourcesBuildPhase section */
		C5E77F471F78AB1900FC3CDF /* Resources */ = {
			isa = PBXResourcesBuildPhase;
			buildActionMask = 2147483647;
			files = (
				C5E77F5C1F78AB1900FC3CDF /* LaunchScreen.storyboard in Resources */,
				C5E77F591F78AB1900FC3CDF /* Assets.xcassets in Resources */,
				C5E77F571F78AB1900FC3CDF /* Main.storyboard in Resources */,
			);
			runOnlyForDeploymentPostprocessing = 0;
		};
		C5E77F601F78AB1900FC3CDF /* Resources */ = {
			isa = PBXResourcesBuildPhase;
			buildActionMask = 2147483647;
			files = (
			);
			runOnlyForDeploymentPostprocessing = 0;
		};
		C5E77F6B1F78AB1900FC3CDF /* Resources */ = {
			isa = PBXResourcesBuildPhase;
			buildActionMask = 2147483647;
			files = (
			);
			runOnlyForDeploymentPostprocessing = 0;
		};
/* End PBXResourcesBuildPhase section */

/* Begin PBXSourcesBuildPhase section */
		C5E77F451F78AB1900FC3CDF /* Sources */ = {
			isa = PBXSourcesBuildPhase;
			buildActionMask = 2147483647;
			files = (
				C5E77F541F78AB1900FC3CDF /* ViewController.m in Sources */,
				C5E77F511F78AB1900FC3CDF /* AppDelegate.m in Sources */,
				C5E77F841F78AECA00FC3CDF /* WZZExceptionManager.m in Sources */,
				C5E77F4E1F78AB1900FC3CDF /* main.m in Sources */,
			);
			runOnlyForDeploymentPostprocessing = 0;
		};
		C5E77F5E1F78AB1900FC3CDF /* Sources */ = {
			isa = PBXSourcesBuildPhase;
			buildActionMask = 2147483647;
			files = (
				C5E77F671F78AB1900FC3CDF /* WZZExcptionDemoTests.m in Sources */,
			);
			runOnlyForDeploymentPostprocessing = 0;
		};
		C5E77F691F78AB1900FC3CDF /* Sources */ = {
			isa = PBXSourcesBuildPhase;
			buildActionMask = 2147483647;
			files = (
				C5E77F721F78AB1900FC3CDF /* WZZExcptionDemoUITests.m in Sources */,
			);
			runOnlyForDeploymentPostprocessing = 0;
		};
/* End PBXSourcesBuildPhase section */

/* Begin PBXTargetDependency section */
		C5E77F641F78AB1900FC3CDF /* PBXTargetDependency */ = {
			isa = PBXTargetDependency;
			target = C5E77F481F78AB1900FC3CDF /* WZZExcptionDemo */;
			targetProxy = C5E77F631F78AB1900FC3CDF /* PBXContainerItemProxy */;
		};
		C5E77F6F1F78AB1900FC3CDF /* PBXTargetDependency */ = {
			isa = PBXTargetDependency;
			target = C5E77F481F78AB1900FC3CDF /* WZZExcptionDemo */;
			targetProxy = C5E77F6E1F78AB1900FC3CDF /* PBXContainerItemProxy */;
		};
/* End PBXTargetDependency section */

/* Begin PBXVariantGroup section */
		C5E77F551F78AB1900FC3CDF /* Main.storyboard */ = {
			isa = PBXVariantGroup;
			children = (
				C5E77F561F78AB1900FC3CDF /* Base */,
			);
			name = Main.storyboard;
			sourceTree = "<group>";
		};
		C5E77F5A1F78AB1900FC3CDF /* LaunchScreen.storyboard */ = {
			isa = PBXVariantGroup;
			children = (
				C5E77F5B1F78AB1900FC3CDF /* Base */,
			);
			name = LaunchScreen.storyboard;
			sourceTree = "<group>";
		};
/* End PBXVariantGroup section */

/* Begin XCBuildConfiguration section */
		C5E77F741F78AB1900FC3CDF /* Debug */ = {
			isa = XCBuildConfiguration;
			buildSettings = {
				ALWAYS_SEARCH_USER_PATHS = NO;
				CLANG_ANALYZER_NONNULL = YES;
				CLANG_ANALYZER_NUMBER_OBJECT_CONVERSION = YES_AGGRESSIVE;
				CLANG_CXX_LANGUAGE_STANDARD = "gnu++0x";
				CLANG_CXX_LIBRARY = "libc++";
				CLANG_ENABLE_MODULES = YES;
				CLANG_ENABLE_OBJC_ARC = YES;
				CLANG_WARN_BOOL_CONVERSION = YES;
				CLANG_WARN_CONSTANT_CONVERSION = YES;
				CLANG_WARN_DIRECT_OBJC_ISA_USAGE = YES_ERROR;
				CLANG_WARN_DOCUMENTATION_COMMENTS = YES;
				CLANG_WARN_EMPTY_BODY = YES;
				CLANG_WARN_ENUM_CONVERSION = YES;
				CLANG_WARN_INFINITE_RECURSION = YES;
				CLANG_WARN_INT_CONVERSION = YES;
				CLANG_WARN_OBJC_ROOT_CLASS = YES_ERROR;
				CLANG_WARN_SUSPICIOUS_MOVE = YES;
				CLANG_WARN_UNREACHABLE_CODE = YES;
				CLANG_WARN__DUPLICATE_METHOD_MATCH = YES;
				"CODE_SIGN_IDENTITY[sdk=iphoneos*]" = "iPhone Developer";
				COPY_PHASE_STRIP = NO;
				DEBUG_INFORMATION_FORMAT = dwarf;
				ENABLE_STRICT_OBJC_MSGSEND = YES;
				ENABLE_TESTABILITY = YES;
				GCC_C_LANGUAGE_STANDARD = gnu99;
				GCC_DYNAMIC_NO_PIC = NO;
				GCC_NO_COMMON_BLOCKS = YES;
				GCC_OPTIMIZATION_LEVEL = 0;
				GCC_PREPROCESSOR_DEFINITIONS = (
					"DEBUG=1",
					"$(inherited)",
				);
				GCC_WARN_64_TO_32_BIT_CONVERSION = YES;
				GCC_WARN_ABOUT_RETURN_TYPE = YES_ERROR;
				GCC_WARN_UNDECLARED_SELECTOR = YES;
				GCC_WARN_UNINITIALIZED_AUTOS = YES_AGGRESSIVE;
				GCC_WARN_UNUSED_FUNCTION = YES;
				GCC_WARN_UNUSED_VARIABLE = YES;
				IPHONEOS_DEPLOYMENT_TARGET = 10.3;
				MTL_ENABLE_DEBUG_INFO = YES;
				ONLY_ACTIVE_ARCH = YES;
				SDKROOT = iphoneos;
				TARGETED_DEVICE_FAMILY = "1,2";
			};
			name = Debug;
		};
		C5E77F751F78AB1900FC3CDF /* Release */ = {
			isa = XCBuildConfiguration;
			buildSettings = {
				ALWAYS_SEARCH_USER_PATHS = NO;
				CLANG_ANALYZER_NONNULL = YES;
				CLANG_ANALYZER_NUMBER_OBJECT_CONVERSION = YES_AGGRESSIVE;
				CLANG_CXX_LANGUAGE_STANDARD = "gnu++0x";
				CLANG_CXX_LIBRARY = "libc++";
				CLANG_ENABLE_MODULES = YES;
				CLANG_ENABLE_OBJC_ARC = YES;
				CLANG_WARN_BOOL_CONVERSION = YES;
				CLANG_WARN_CONSTANT_CONVERSION = YES;
				CLANG_WARN_DIRECT_OBJC_ISA_USAGE = YES_ERROR;
				CLANG_WARN_DOCUMENTATION_COMMENTS = YES;
				CLANG_WARN_EMPTY_BODY = YES;
				CLANG_WARN_ENUM_CONVERSION = YES;
				CLANG_WARN_INFINITE_RECURSION = YES;
				CLANG_WARN_INT_CONVERSION = YES;
				CLANG_WARN_OBJC_ROOT_CLASS = YES_ERROR;
				CLANG_WARN_SUSPICIOUS_MOVE = YES;
				CLANG_WARN_UNREACHABLE_CODE = YES;
				CLANG_WARN__DUPLICATE_METHOD_MATCH = YES;
				"CODE_SIGN_IDENTITY[sdk=iphoneos*]" = "iPhone Developer";
				COPY_PHASE_STRIP = NO;
				DEBUG_INFORMATION_FORMAT = "dwarf-with-dsym";
				ENABLE_NS_ASSERTIONS = NO;
				ENABLE_STRICT_OBJC_MSGSEND = YES;
				GCC_C_LANGUAGE_STANDARD = gnu99;
				GCC_NO_COMMON_BLOCKS = YES;
				GCC_WARN_64_TO_32_BIT_CONVERSION = YES;
				GCC_WARN_ABOUT_RETURN_TYPE = YES_ERROR;
				GCC_WARN_UNDECLARED_SELECTOR = YES;
				GCC_WARN_UNINITIALIZED_AUTOS = YES_AGGRESSIVE;
				GCC_WARN_UNUSED_FUNCTION = YES;
				GCC_WARN_UNUSED_VARIABLE = YES;
				IPHONEOS_DEPLOYMENT_TARGET = 10.3;
				MTL_ENABLE_DEBUG_INFO = NO;
				SDKROOT = iphoneos;
				TARGETED_DEVICE_FAMILY = "1,2";
				VALIDATE_PRODUCT = YES;
			};
			name = Release;
		};
		C5E77F771F78AB1900FC3CDF /* Debug */ = {
			isa = XCBuildConfiguration;
			buildSettings = {
				ASSETCATALOG_COMPILER_APPICON_NAME = AppIcon;
				INFOPLIST_FILE = WZZExcptionDemo/Info.plist;
				LD_RUNPATH_SEARCH_PATHS = "$(inherited) @executable_path/Frameworks";
				PRODUCT_BUNDLE_IDENTIFIER = com.honePay.WZZExcptionDemo;
				PRODUCT_NAME = "$(TARGET_NAME)";
			};
			name = Debug;
		};
		C5E77F781F78AB1900FC3CDF /* Release */ = {
			isa = XCBuildConfiguration;
			buildSettings = {
				ASSETCATALOG_COMPILER_APPICON_NAME = AppIcon;
				INFOPLIST_FILE = WZZExcptionDemo/Info.plist;
				LD_RUNPATH_SEARCH_PATHS = "$(inherited) @executable_path/Frameworks";
				PRODUCT_BUNDLE_IDENTIFIER = com.honePay.WZZExcptionDemo;
				PRODUCT_NAME = "$(TARGET_NAME)";
			};
			name = Release;
		};
		C5E77F7A1F78AB1900FC3CDF /* Debug */ = {
			isa = XCBuildConfiguration;
			buildSettings = {
				BUNDLE_LOADER = "$(TEST_HOST)";
				INFOPLIST_FILE = WZZExcptionDemoTests/Info.plist;
				LD_RUNPATH_SEARCH_PATHS = "$(inherited) @executable_path/Frameworks @loader_path/Frameworks";
				PRODUCT_BUNDLE_IDENTIFIER = com.honePay.WZZExcptionDemoTests;
				PRODUCT_NAME = "$(TARGET_NAME)";
				TEST_HOST = "$(BUILT_PRODUCTS_DIR)/WZZExcptionDemo.app/WZZExcptionDemo";
			};
			name = Debug;
		};
		C5E77F7B1F78AB1900FC3CDF /* Release */ = {
			isa = XCBuildConfiguration;
			buildSettings = {
				BUNDLE_LOADER = "$(TEST_HOST)";
				INFOPLIST_FILE = WZZExcptionDemoTests/Info.plist;
				LD_RUNPATH_SEARCH_PATHS = "$(inherited) @executable_path/Frameworks @loader_path/Frameworks";
				PRODUCT_BUNDLE_IDENTIFIER = com.honePay.WZZExcptionDemoTests;
				PRODUCT_NAME = "$(TARGET_NAME)";
				TEST_HOST = "$(BUILT_PRODUCTS_DIR)/WZZExcptionDemo.app/WZZExcptionDemo";
			};
			name = Release;
		};
		C5E77F7D1F78AB1900FC3CDF /* Debug */ = {
			isa = XCBuildConfiguration;
			buildSettings = {
				INFOPLIST_FILE = WZZExcptionDemoUITests/Info.plist;
				LD_RUNPATH_SEARCH_PATHS = "$(inherited) @executable_path/Frameworks @loader_path/Frameworks";
				PRODUCT_BUNDLE_IDENTIFIER = com.honePay.WZZExcptionDemoUITests;
				PRODUCT_NAME = "$(TARGET_NAME)";
				TEST_TARGET_NAME = WZZExcptionDemo;
			};
			name = Debug;
		};
		C5E77F7E1F78AB1900FC3CDF /* Release */ = {
			isa = XCBuildConfiguration;
			buildSettings = {
				INFOPLIST_FILE = WZZExcptionDemoUITests/Info.plist;
				LD_RUNPATH_SEARCH_PATHS = "$(inherited) @executable_path/Frameworks @loader_path/Frameworks";
				PRODUCT_BUNDLE_IDENTIFIER = com.honePay.WZZExcptionDemoUITests;
				PRODUCT_NAME = "$(TARGET_NAME)";
				TEST_TARGET_NAME = WZZExcptionDemo;
			};
			name = Release;
		};
/* End XCBuildConfiguration section */

/* Begin XCConfigurationList section */
		C5E77F441F78AB1900FC3CDF /* Build configuration list for PBXProject "WZZExcptionDemo" */ = {
			isa = XCConfigurationList;
			buildConfigurations = (
				C5E77F741F78AB1900FC3CDF /* Debug */,
				C5E77F751F78AB1900FC3CDF /* Release */,
			);
			defaultConfigurationIsVisible = 0;
			defaultConfigurationName = Release;
		};
		C5E77F761F78AB1900FC3CDF /* Build configuration list for PBXNativeTarget "WZZExcptionDemo" */ = {
			isa = XCConfigurationList;
			buildConfigurations = (
				C5E77F771F78AB1900FC3CDF /* Debug */,
				C5E77F781F78AB1900FC3CDF /* Release */,
			);
			defaultConfigurationIsVisible = 0;
			defaultConfigurationName = Release;
		};
		C5E77F791F78AB1900FC3CDF /* Build configuration list for PBXNativeTarget "WZZExcptionDemoTests" */ = {
			isa = XCConfigurationList;
			buildConfigurations = (
				C5E77F7A1F78AB1900FC3CDF /* Debug */,
				C5E77F7B1F78AB1900FC3CDF /* Release */,
			);
			defaultConfigurationIsVisible = 0;
			defaultConfigurationName = Release;
		};
		C5E77F7C1F78AB1900FC3CDF /* Build configuration list for PBXNativeTarget "WZZExcptionDemoUITests" */ = {
			isa = XCConfigurationList;
			buildConfigurations = (
				C5E77F7D1F78AB1900FC3CDF /* Debug */,
				C5E77F7E1F78AB1900FC3CDF /* Release */,
			);
			defaultConfigurationIsVisible = 0;
			defaultConfigurationName = Release;
		};
/* End XCConfigurationList section */
	};
	rootObject = C5E77F411F78AB1900FC3CDF /* Project object */;
}
